<?xml version="1.0" encoding="utf-8"?>
<Project ToolsVersion="4.0" xmlns="http://schemas.microsoft.com/developer/msbuild/2003">
  <ItemGroup>
    <Filter Include="Forge">
      <UniqueIdentifier>{1884300D-8498-58BE-4D1A-FC1DB9ED54EF}</UniqueIdentifier>
    </Filter>
    <Filter Include="Forge\Event">
      <UniqueIdentifier>{69B7BEE2-D56C-37D8-5E61-31AFCA152EDC}</UniqueIdentifier>
    </Filter>
    <Filter Include="Forge\ImGui">
      <UniqueIdentifier>{42AB01E3-AE60-7AD8-3755-74AFA30971DC}</UniqueIdentifier>
    </Filter>
    <Filter Include="Platform">
      <UniqueIdentifier>{2AC788B4-1694-E3BF-3FAD-D1672BD9184E}</UniqueIdentifier>
    </Filter>
    <Filter Include="Platform\OpenGL">
      <UniqueIdentifier>{1E7D2C1D-8A08-9AE1-9319-1DD6FF23F6E1}</UniqueIdentifier>
    </Filter>
    <Filter Include="Platform\Windows">
      <UniqueIdentifier>{64FBD71A-50F4-F66C-7926-DCF1657ED678}</UniqueIdentifier>
    </Filter>
  </ItemGroup>
  <ItemGroup>
    <ClInclude Include="src\FGpch.h" />
    <ClInclude Include="src\Forge.h" />
    <ClInclude Include="src\Forge\Application.h">
      <Filter>Forge</Filter>
    </ClInclude>
    <ClInclude Include="src\Forge\Core.h">
      <Filter>Forge</Filter>
    </ClInclude>
    <ClInclude Include="src\Forge\EntryPoint.h">
      <Filter>Forge</Filter>
    </ClInclude>
    <ClInclude Include="src\Forge\Event\ApplicationEvents.h">
      <Filter>Forge\Event</Filter>
    </ClInclude>
    <ClInclude Include="src\Forge\Event\Event.h">
      <Filter>Forge\Event</Filter>
    </ClInclude>
    <ClInclude Include="src\Forge\Event\KeyEvents.h">
      <Filter>Forge\Event</Filter>
    </ClInclude>
    <ClInclude Include="src\Forge\Event\MouseEvents.h">
      <Filter>Forge\Event</Filter>
    </ClInclude>
    <ClInclude Include="src\Forge\ImGui\ImguiLayer.h">
      <Filter>Forge\ImGui</Filter>
    </ClInclude>
    <ClInclude Include="src\Forge\Layer.h">
      <Filter>Forge</Filter>
    </ClInclude>
    <ClInclude Include="src\Forge\LayerStack.h">
      <Filter>Forge</Filter>
    </ClInclude>
    <ClInclude Include="src\Forge\Log.h">
      <Filter>Forge</Filter>
    </ClInclude>
    <ClInclude Include="src\Forge\Window.h">
      <Filter>Forge</Filter>
    </ClInclude>
    <ClInclude Include="src\Platform\OpenGL\imgui_impl_opengl3.h">
      <Filter>Platform\OpenGL</Filter>
    </ClInclude>
    <ClInclude Include="src\Platform\Windows\WindowsWindow.h">
      <Filter>Platform\Windows</Filter>
    </ClInclude>
    <ClInclude Include="src\Forge\Input.h" />
    <ClInclude Include="src\Platform\Windows\WindowsInput.h" />
  </ItemGroup>
  <ItemGroup>
    <ClCompile Include="src\FGpch.cpp" />
    <ClCompile Include="src\Forge\Application.cpp">
      <Filter>Forge</Filter>
    </ClCompile>
    <ClCompile Include="src\Forge\ImGui\ImGuiLayer.cpp">
      <Filter>Forge\ImGui</Filter>
    </ClCompile>
    <ClCompile Include="src\Forge\Layer.cpp">
      <Filter>Forge</Filter>
    </ClCompile>
    <ClCompile Include="src\Forge\LayerStack.cpp">
      <Filter>Forge</Filter>
    </ClCompile>
    <ClCompile Include="src\Forge\Log.cpp">
      <Filter>Forge</Filter>
    </ClCompile>
    <ClCompile Include="src\Platform\OpenGL\imgui_impl_opengl3.cpp">
      <Filter>Platform\OpenGL</Filter>
    </ClCompile>
    <ClCompile Include="src\Platform\Windows\WindowsWindow.cpp">
      <Filter>Platform\Windows</Filter>
    </ClCompile>
    <ClCompile Include="src\Platform\Windows\WindowsInput.cpp" />
  </ItemGroup>
</Project>