<?xml version="1.0" encoding="utf-8"?>
<Project ToolsVersion="4.0" xmlns="http://schemas.microsoft.com/developer/msbuild/2003">
  <ItemGroup>
    <Filter Include="src">
      <UniqueIdentifier>{2DAB880B-99B4-887C-2230-9F7C8E38947C}</UniqueIdentifier>
    </Filter>
    <Filter Include="src\Forge">
      <UniqueIdentifier>{6F92EDB2-DBFC-A129-243B-53CF90E47F7E}</UniqueIdentifier>
    </Filter>
    <Filter Include="src\Forge\Core">
      <UniqueIdentifier>{27949E26-1362-922C-FCF5-0253E8626E91}</UniqueIdentifier>
    </Filter>
    <Filter Include="src\Forge\Event">
      <UniqueIdentifier>{00EB98FA-6C76-06BF-7587-89B3E19162BF}</UniqueIdentifier>
    </Filter>
    <Filter Include="src\Forge\ImGui">
      <UniqueIdentifier>{D9DEDBFA-456A-49BF-4E7B-CCB3BA85A5BF}</UniqueIdentifier>
    </Filter>
    <Filter Include="src\Forge\Renderer">
      <UniqueIdentifier>{F502728B-E1E6-32E1-4A47-2D34364A1D63}</UniqueIdentifier>
    </Filter>
    <Filter Include="src\Platform">
      <UniqueIdentifier>{21CA02E5-0D2D-9289-B6B2-CA3FA2F45D0C}</UniqueIdentifier>
    </Filter>
    <Filter Include="src\Platform\OpenGL">
      <UniqueIdentifier>{35A49437-A105-7245-2A73-B8F796D3A804}</UniqueIdentifier>
    </Filter>
    <Filter Include="src\Platform\Windows">
      <UniqueIdentifier>{5B054582-4794-CE4B-F0B2-E246DC20DFF1}</UniqueIdentifier>
    </Filter>
    <Filter Include="vendor">
      <UniqueIdentifier>{B3738122-9F15-ACF8-88D0-BF4C74113349}</UniqueIdentifier>
    </Filter>
    <Filter Include="vendor\stb_image">
      <UniqueIdentifier>{0DA0BA59-F998-D9AB-22CB-BE300E23B9B7}</UniqueIdentifier>
    </Filter>
  </ItemGroup>
  <ItemGroup>
    <ClInclude Include="src\FGpch.h">
      <Filter>src</Filter>
    </ClInclude>
    <ClInclude Include="src\Forge.h">
      <Filter>src</Filter>
    </ClInclude>
    <ClInclude Include="src\Forge\Core\Application.h">
      <Filter>src\Forge</Filter>
    </ClInclude>
    <ClInclude Include="src\Forge\Renderer\CameraController.h">
      <Filter>src\Forge</Filter>
    </ClInclude>
    <ClInclude Include="src\Forge\Core\Core.h">
      <Filter>src\Forge</Filter>
    </ClInclude>
    <ClInclude Include="src\Forge\Core\Timestep.h">
      <Filter>src\Forge\Core</Filter>
    </ClInclude>
    <ClInclude Include="src\Forge\Core\EntryPoint.h">
      <Filter>src\Forge</Filter>
    </ClInclude>
    <ClInclude Include="src\Forge\Event\ApplicationEvents.h">
      <Filter>src\Forge\Event</Filter>
    </ClInclude>
    <ClInclude Include="src\Forge\Event\Event.h">
      <Filter>src\Forge\Event</Filter>
    </ClInclude>
    <ClInclude Include="src\Forge\Event\KeyEvents.h">
      <Filter>src\Forge\Event</Filter>
    </ClInclude>
    <ClInclude Include="src\Forge\Event\MouseEvents.h">
      <Filter>src\Forge\Event</Filter>
    </ClInclude>
    <ClInclude Include="src\Forge\ImGui\ImguiLayer.h">
      <Filter>src\Forge\ImGui</Filter>
    </ClInclude>
    <ClInclude Include="src\Forge\Core\Input.h">
      <Filter>src\Forge</Filter>
    </ClInclude>
    <ClInclude Include="src\Forge\Core\Keycodes.h">
      <Filter>src\Forge</Filter>
    </ClInclude>
    <ClInclude Include="src\Forge\Core\Layer.h">
      <Filter>src\Forge</Filter>
    </ClInclude>
    <ClInclude Include="src\Forge\Core\LayerStack.h">
      <Filter>src\Forge</Filter>
    </ClInclude>
    <ClInclude Include="src\Forge\Core\Log.h">
      <Filter>src\Forge</Filter>
    </ClInclude>
    <ClInclude Include="src\Forge\Core\MouseButtonCodes.h">
      <Filter>src\Forge</Filter>
    </ClInclude>
    <ClInclude Include="src\Forge\Renderer\Buffers.h">
      <Filter>src\Forge\Renderer</Filter>
    </ClInclude>
    <ClInclude Include="src\Forge\Renderer\Camera.h">
      <Filter>src\Forge\Renderer</Filter>
    </ClInclude>
    <ClInclude Include="src\Forge\Renderer\GraphicsContext.h">
      <Filter>src\Forge\Renderer</Filter>
    </ClInclude>
    <ClInclude Include="src\Forge\Renderer\RenderCommands.h">
      <Filter>src\Forge\Renderer</Filter>
    </ClInclude>
    <ClInclude Include="src\Forge\Renderer\Renderer.h">
      <Filter>src\Forge\Renderer</Filter>
    </ClInclude>
    <ClInclude Include="src\Forge\Renderer\RendererAPI.h">
      <Filter>src\Forge\Renderer</Filter>
    </ClInclude>
    <ClInclude Include="src\Forge\Renderer\Shader.h">
      <Filter>src\Forge\Renderer</Filter>
    </ClInclude>
    <ClInclude Include="src\Forge\Renderer\Texture.h">
      <Filter>src\Forge\Renderer</Filter>
    </ClInclude>
    <ClInclude Include="src\Forge\Renderer\VertexArray.h">
      <Filter>src\Forge\Renderer</Filter>
    </ClInclude>
    <ClInclude Include="src\Forge\Core\Window.h">
      <Filter>src\Forge</Filter>
    </ClInclude>
    <ClInclude Include="src\Platform\OpenGL\OpenGlBuffers.h">
      <Filter>src\Platform\OpenGL</Filter>
    </ClInclude>
    <ClInclude Include="src\Platform\OpenGL\OpenGlContext.h">
      <Filter>src\Platform\OpenGL</Filter>
    </ClInclude>
    <ClInclude Include="src\Platform\OpenGL\OpenGlRendererAPI.h">
      <Filter>src\Platform\OpenGL</Filter>
    </ClInclude>
    <ClInclude Include="src\Platform\OpenGL\OpenGlShader.h">
      <Filter>src\Platform\OpenGL</Filter>
    </ClInclude>
    <ClInclude Include="src\Platform\OpenGL\OpenGlTextures.h">
      <Filter>src\Platform\OpenGL</Filter>
    </ClInclude>
    <ClInclude Include="src\Platform\OpenGL\OpenGlVertexArray.h">
      <Filter>src\Platform\OpenGL</Filter>
    </ClInclude>
    <ClInclude Include="src\Platform\Windows\WindowsInput.h">
      <Filter>src\Platform\Windows</Filter>
    </ClInclude>
    <ClInclude Include="src\Platform\Windows\WindowsWindow.h">
      <Filter>src\Platform\Windows</Filter>
    </ClInclude>
    <ClInclude Include="vendor\stb_image\stb_image.h">
      <Filter>vendor\stb_image</Filter>
    </ClInclude>
    <ClInclude Include="src\Forge\Renderer\Renderer2D.h" />
    <ClInclude Include="src\Forge\Debug\Profiling.h" />
  </ItemGroup>
  <ItemGroup>
    <ClCompile Include="src\FGpch.cpp">
      <Filter>src</Filter>
    </ClCompile>
    <ClCompile Include="src\Forge\Core\Application.cpp">
      <Filter>src\Forge</Filter>
    </ClCompile>
    <ClCompile Include="src\Forge\Renderer\CameraController.cpp">
      <Filter>src\Forge</Filter>
    </ClCompile>
    <ClCompile Include="src\Forge\ImGui\ImGuiBuild.cpp">
      <Filter>src\Forge\ImGui</Filter>
    </ClCompile>
    <ClCompile Include="src\Forge\ImGui\ImGuiLayer.cpp">
      <Filter>src\Forge\ImGui</Filter>
    </ClCompile>
    <ClCompile Include="src\Forge\Core\Layer.cpp">
      <Filter>src\Forge</Filter>
    </ClCompile>
    <ClCompile Include="src\Forge\Core\LayerStack.cpp">
      <Filter>src\Forge</Filter>
    </ClCompile>
    <ClCompile Include="src\Forge\Core\Log.cpp">
      <Filter>src\Forge</Filter>
    </ClCompile>
    <ClCompile Include="src\Forge\Renderer\Buffers.cpp">
      <Filter>src\Forge\Renderer</Filter>
    </ClCompile>
    <ClCompile Include="src\Forge\Renderer\Camera.cpp">
      <Filter>src\Forge\Renderer</Filter>
    </ClCompile>
    <ClCompile Include="src\Forge\Renderer\RenderCommands.cpp">
      <Filter>src\Forge\Renderer</Filter>
    </ClCompile>
    <ClCompile Include="src\Forge\Renderer\Renderer.cpp">
      <Filter>src\Forge\Renderer</Filter>
    </ClCompile>
    <ClCompile Include="src\Forge\Renderer\RendererAPI.cpp">
      <Filter>src\Forge\Renderer</Filter>
    </ClCompile>
    <ClCompile Include="src\Forge\Renderer\Shader.cpp">
      <Filter>src\Forge\Renderer</Filter>
    </ClCompile>
    <ClCompile Include="src\Forge\Renderer\Texture.cpp">
      <Filter>src\Forge\Renderer</Filter>
    </ClCompile>
    <ClCompile Include="src\Forge\Renderer\VertexArray.cpp">
      <Filter>src\Forge\Renderer</Filter>
    </ClCompile>
    <ClCompile Include="src\Platform\OpenGL\OpenGLRendererAPI.cpp">
      <Filter>src\Platform\OpenGL</Filter>
    </ClCompile>
    <ClCompile Include="src\Platform\OpenGL\OpenGlBuffers.cpp">
      <Filter>src\Platform\OpenGL</Filter>
    </ClCompile>
    <ClCompile Include="src\Platform\OpenGL\OpenGlContext.cpp">
      <Filter>src\Platform\OpenGL</Filter>
    </ClCompile>
    <ClCompile Include="src\Platform\OpenGL\OpenGlShader.cpp">
      <Filter>src\Platform\OpenGL</Filter>
    </ClCompile>
    <ClCompile Include="src\Platform\OpenGL\OpenGlTextures.cpp">
      <Filter>src\Platform\OpenGL</Filter>
    </ClCompile>
    <ClCompile Include="src\Platform\OpenGL\OpenGlVertexArray.cpp">
      <Filter>src\Platform\OpenGL</Filter>
    </ClCompile>
    <ClCompile Include="src\Platform\Windows\WindowsInput.cpp">
      <Filter>src\Platform\Windows</Filter>
    </ClCompile>
    <ClCompile Include="src\Platform\Windows\WindowsWindow.cpp">
      <Filter>src\Platform\Windows</Filter>
    </ClCompile>
    <ClCompile Include="vendor\stb_image\stb_image.cpp">
      <Filter>vendor\stb_image</Filter>
    </ClCompile>
    <ClCompile Include="src\Forge\Renderer\Renderer2D.cpp" />
  </ItemGroup>
</Project>